
Microsoft Visual Studio Solution File, Format Version 12.00
# Visual Studio Version 17
VisualStudioVersion = 17.11.35208.52
MinimumVisualStudioVersion = 10.0.40219.1
Project("{FAE04EC0-301F-11D3-BF4B-00C04F79EFBC}") = "Pizza_shop_FactoryMethod", "Pizza_shop_FactoryMethod\Pizza_shop_FactoryMethod.csproj", "{B64967C1-FC0A-4E8B-8C68-F31F3F326EA7}"
EndProject
Global
	GlobalSection(SolutionConfigurationPlatforms) = preSolution
		Debug|Any CPU = Debug|Any CPU
		Release|Any CPU = Release|Any CPU
	EndGlobalSection
	GlobalSection(ProjectConfigurationPlatforms) = postSolution
		{B64967C1-FC0A-4E8B-8C68-F31F3F326EA7}.Debug|Any CPU.ActiveCfg = Debug|Any CPU
		{B64967C1-FC0A-4E8B-8C68-F31F3F326EA7}.Debug|Any CPU.Build.0 = Debug|Any CPU
		{B64967C1-FC0A-4E8B-8C68-F31F3F326EA7}.Release|Any CPU.ActiveCfg = Release|Any CPU
		{B64967C1-FC0A-4E8B-8C68-F31F3F326EA7}.Release|Any CPU.Build.0 = Release|Any CPU
	EndGlobalSection
	GlobalSection(SolutionProperties) = preSolution
		HideSolutionNode = FALSE
	EndGlobalSection
	GlobalSection(ExtensibilityGlobals) = postSolution
		SolutionGuid = {1EB957ED-0020-4CD3-B121-4E92A0EA3A5C}
	EndGlobalSection
EndGlobal
